# THIS IS AN AUTOGENERATED FILE. DO NOT EDIT THIS FILE DIRECTLY.
# yarn lockfile v1


acorn@^8.3.0:
  version "8.3.0"
  resolved "https://registry.nlark.com/acorn/download/acorn-8.3.0.tgz?cache=0&sync_timestamp=1622440246532&other_urls=https%3A%2F%2Fregistry.nlark.com%2Facorn%2Fdownload%2Facorn-8.3.0.tgz#1193f9b96c4e8232f00b11a9edff81b2c8b98b88"
  integrity sha1-EZP5uWxOgjLwCxGp7f+Bssi5i4g=

fsevents@~2.3.1:
  version "2.3.2"
  resolved "https://registry.npm.taobao.org/fsevents/download/fsevents-2.3.2.tgz?cache=0&sync_timestamp=1612536512306&other_urls=https%3A%2F%2Fregistry.npm.taobao.org%2Ffsevents%2Fdownload%2Ffsevents-2.3.2.tgz#8a526f78b8fdf4623b709e0b975c52c24c02fd1a"
  integrity sha1-ilJveLj99GI7cJ4Ll1xSwkwC/Ro=

magic-string@^0.25.7:
  version "0.25.7"
  resolved "https://registry.npm.taobao.org/magic-string/download/magic-string-0.25.7.tgz#3f497d6fd34c669c6798dcb821f2ef31f5445051"
  integrity sha1-P0l9b9NMZpxnmNy4IfLvMfVEUFE=
  dependencies:
    sourcemap-codec "^1.4.4"

rollup@^2.51.0:
  version "2.51.0"
  resolved "https://registry.nlark.com/rollup/download/rollup-2.51.0.tgz#ffd847882283998fc8611cd57af917f173b4ab5c"
  integrity sha1-/9hHiCKDmY/IYRzVevkX8XO0q1w=
  optionalDependencies:
    fsevents "~2.3.1"

sourcemap-codec@^1.4.4:
  version "1.4.8"
  resolved "https://registry.npm.taobao.org/sourcemap-codec/download/sourcemap-codec-1.4.8.tgz#ea804bd94857402e6992d05a38ef1ae35a9ab4c4"
  integrity sha1-6oBL2UhXQC5pktBaOO8a41qatMQ=
