lockfileVersion: 5.4

specifiers:
  reflect-metadata: ^0.1.13
  ts-node-dev: ^2.0.0

dependencies:
  reflect-metadata: registry.npmmirror.com/reflect-metadata/0.1.13
  ts-node-dev: registry.npmmirror.com/ts-node-dev/2.0.0

packages:

  registry.npmmirror.com/@cspotcode/source-map-support/0.8.1:
    resolution: {integrity: sha512-IchNf6dN4tHoMFIn/7OE8LWZ19Y6q/67Bmf6vnGREv8RSbBVb9LPJxEcnwrcwX6ixSvaiGoomAUvu4YSxXrVgw==, registry: https://registry.npm.taobao.org/, tarball: https://registry.npmmirror.com/@cspotcode/source-map-support/-/source-map-support-0.8.1.tgz}
    name: '@cspotcode/source-map-support'
    version: 0.8.1
    engines: {node: '>=12'}
    dependencies:
      '@jridgewell/trace-mapping': registry.npmmirror.com/@jridgewell/trace-mapping/0.3.9
    dev: false

  registry.npmmirror.com/@jridgewell/resolve-uri/3.1.0:
    resolution: {integrity: sha512-F2msla3tad+Mfht5cJq7LSXcdudKTWCVYUgw6pLFOOHSTtZlj6SWNYAp+AhuqLmWdBO2X5hPrLcu8cVP8fy28w==, registry: https://registry.npm.taobao.org/, tarball: https://registry.npmmirror.com/@jridgewell/resolve-uri/-/resolve-uri-3.1.0.tgz}
    name: '@jridgewell/resolve-uri'
    version: 3.1.0
    engines: {node: '>=6.0.0'}
    dev: false

  registry.npmmirror.com/@jridgewell/sourcemap-codec/1.4.14:
    resolution: {integrity: sha512-XPSJHWmi394fuUuzDnGz1wiKqWfo1yXecHQMRf2l6hztTO+nPru658AyDngaBe7isIxEkRsPR3FZh+s7iVa4Uw==, registry: https://registry.npm.taobao.org/, tarball: https://registry.npmmirror.com/@jridgewell/sourcemap-codec/-/sourcemap-codec-1.4.14.tgz}
    name: '@jridgewell/sourcemap-codec'
    version: 1.4.14
    dev: false

  registry.npmmirror.com/@jridgewell/trace-mapping/0.3.9:
    resolution: {integrity: sha512-3Belt6tdc8bPgAtbcmdtNJlirVoTmEb5e2gC94PnkwEW9jI6CAHUeoG85tjWP5WquqfavoMtMwiG4P926ZKKuQ==, registry: https://registry.npm.taobao.org/, tarball: https://registry.npmmirror.com/@jridgewell/trace-mapping/-/trace-mapping-0.3.9.tgz}
    name: '@jridgewell/trace-mapping'
    version: 0.3.9
    dependencies:
      '@jridgewell/resolve-uri': registry.npmmirror.com/@jridgewell/resolve-uri/3.1.0
      '@jridgewell/sourcemap-codec': registry.npmmirror.com/@jridgewell/sourcemap-codec/1.4.14
    dev: false

  registry.npmmirror.com/@tsconfig/node10/1.0.9:
    resolution: {integrity: sha512-jNsYVVxU8v5g43Erja32laIDHXeoNvFEpX33OK4d6hljo3jDhCBDhx5dhCCTMWUojscpAagGiRkBKxpdl9fxqA==, registry: https://registry.npm.taobao.org/, tarball: https://registry.npmmirror.com/@tsconfig/node10/-/node10-1.0.9.tgz}
    name: '@tsconfig/node10'
    version: 1.0.9
    dev: false

  registry.npmmirror.com/@tsconfig/node12/1.0.11:
    resolution: {integrity: sha512-cqefuRsh12pWyGsIoBKJA9luFu3mRxCA+ORZvA4ktLSzIuCUtWVxGIuXigEwO5/ywWFMZ2QEGKWvkZG1zDMTag==, registry: https://registry.npm.taobao.org/, tarball: https://registry.npmmirror.com/@tsconfig/node12/-/node12-1.0.11.tgz}
    name: '@tsconfig/node12'
    version: 1.0.11
    dev: false

  registry.npmmirror.com/@tsconfig/node14/1.0.3:
    resolution: {integrity: sha512-ysT8mhdixWK6Hw3i1V2AeRqZ5WfXg1G43mqoYlM2nc6388Fq5jcXyr5mRsqViLx/GJYdoL0bfXD8nmF+Zn/Iow==, registry: https://registry.npm.taobao.org/, tarball: https://registry.npmmirror.com/@tsconfig/node14/-/node14-1.0.3.tgz}
    name: '@tsconfig/node14'
    version: 1.0.3
    dev: false

  registry.npmmirror.com/@tsconfig/node16/1.0.3:
    resolution: {integrity: sha512-yOlFc+7UtL/89t2ZhjPvvB/DeAr3r+Dq58IgzsFkOAvVC6NMJXmCGjbptdXdR9qsX7pKcTL+s87FtYREi2dEEQ==, registry: https://registry.npm.taobao.org/, tarball: https://registry.npmmirror.com/@tsconfig/node16/-/node16-1.0.3.tgz}
    name: '@tsconfig/node16'
    version: 1.0.3
    dev: false

  registry.npmmirror.com/@types/strip-bom/3.0.0:
    resolution: {integrity: sha512-xevGOReSYGM7g/kUBZzPqCrR/KYAo+F0yiPc85WFTJa0MSLtyFTVTU6cJu/aV4mid7IffDIWqo69THF2o4JiEQ==, registry: https://registry.npm.taobao.org/, tarball: https://registry.npmmirror.com/@types/strip-bom/-/strip-bom-3.0.0.tgz}
    name: '@types/strip-bom'
    version: 3.0.0
    dev: false

  registry.npmmirror.com/@types/strip-json-comments/0.0.30:
    resolution: {integrity: sha512-7NQmHra/JILCd1QqpSzl8+mJRc8ZHz3uDm8YV1Ks9IhK0epEiTw8aIErbvH9PI+6XbqhyIQy3462nEsn7UVzjQ==, registry: https://registry.npm.taobao.org/, tarball: https://registry.npmmirror.com/@types/strip-json-comments/-/strip-json-comments-0.0.30.tgz}
    name: '@types/strip-json-comments'
    version: 0.0.30
    dev: false

  registry.npmmirror.com/acorn-walk/8.2.0:
    resolution: {integrity: sha512-k+iyHEuPgSw6SbuDpGQM+06HQUa04DZ3o+F6CSzXMvvI5KMvnaEqXe+YVe555R9nn6GPt404fos4wcgpw12SDA==, registry: https://registry.npm.taobao.org/, tarball: https://registry.npmmirror.com/acorn-walk/-/acorn-walk-8.2.0.tgz}
    name: acorn-walk
    version: 8.2.0
    engines: {node: '>=0.4.0'}
    dev: false

  registry.npmmirror.com/acorn/8.8.2:
    resolution: {integrity: sha512-xjIYgE8HBrkpd/sJqOGNspf8uHG+NOHGOw6a/Urj8taM2EXfdNAH2oFcPeIFfsv3+kz/mJrS5VuMqbNLjCa2vw==, registry: https://registry.npm.taobao.org/, tarball: https://registry.npmmirror.com/acorn/-/acorn-8.8.2.tgz}
    name: acorn
    version: 8.8.2
    engines: {node: '>=0.4.0'}
    hasBin: true
    dev: false

  registry.npmmirror.com/anymatch/3.1.3:
    resolution: {integrity: sha512-KMReFUr0B4t+D+OBkjR3KYqvocp2XaSzO55UcB6mgQMd3KbcE+mWTyvVV7D/zsdEbNnV6acZUutkiHQXvTr1Rw==, registry: https://registry.npm.taobao.org/, tarball: https://registry.npmmirror.com/anymatch/-/anymatch-3.1.3.tgz}
    name: anymatch
    version: 3.1.3
    engines: {node: '>= 8'}
    dependencies:
      normalize-path: registry.npmmirror.com/normalize-path/3.0.0
      picomatch: registry.npmmirror.com/picomatch/2.3.1
    dev: false

  registry.npmmirror.com/arg/4.1.3:
    resolution: {integrity: sha512-58S9QDqG0Xx27YwPSt9fJxivjYl432YCwfDMfZ+71RAqUrZef7LrKQZ3LHLOwCS4FLNBplP533Zx895SeOCHvA==, registry: https://registry.npm.taobao.org/, tarball: https://registry.npmmirror.com/arg/-/arg-4.1.3.tgz}
    name: arg
    version: 4.1.3
    dev: false

  registry.npmmirror.com/balanced-match/1.0.2:
    resolution: {integrity: sha512-3oSeUO0TMV67hN1AmbXsK4yaqU7tjiHlbxRDZOpH0KW9+CeX4bRAaX0Anxt0tx2MrpRpWwQaPwIlISEJhYU5Pw==, registry: https://registry.npm.taobao.org/, tarball: https://registry.npmmirror.com/balanced-match/-/balanced-match-1.0.2.tgz}
    name: balanced-match
    version: 1.0.2
    dev: false

  registry.npmmirror.com/binary-extensions/2.2.0:
    resolution: {integrity: sha512-jDctJ/IVQbZoJykoeHbhXpOlNBqGNcwXJKJog42E5HDPUwQTSdjCHdihjj0DlnheQ7blbT6dHOafNAiS8ooQKA==, registry: https://registry.npm.taobao.org/, tarball: https://registry.npmmirror.com/binary-extensions/-/binary-extensions-2.2.0.tgz}
    name: binary-extensions
    version: 2.2.0
    engines: {node: '>=8'}
    dev: false

  registry.npmmirror.com/brace-expansion/1.1.11:
    resolution: {integrity: sha512-iCuPHDFgrHX7H2vEI/5xpz07zSHB00TpugqhmYtVmMO6518mCuRMoOYFldEBl0g187ufozdaHgWKcYFb61qGiA==, registry: https://registry.npm.taobao.org/, tarball: https://registry.npmmirror.com/brace-expansion/-/brace-expansion-1.1.11.tgz}
    name: brace-expansion
    version: 1.1.11
    dependencies:
      balanced-match: registry.npmmirror.com/balanced-match/1.0.2
      concat-map: registry.npmmirror.com/concat-map/0.0.1
    dev: false

  registry.npmmirror.com/braces/3.0.2:
    resolution: {integrity: sha512-b8um+L1RzM3WDSzvhm6gIz1yfTbBt6YTlcEKAvsmqCZZFw46z626lVj9j1yEPW33H5H+lBQpZMP1k8l+78Ha0A==, registry: https://registry.npm.taobao.org/, tarball: https://registry.npmmirror.com/braces/-/braces-3.0.2.tgz}
    name: braces
    version: 3.0.2
    engines: {node: '>=8'}
    dependencies:
      fill-range: registry.npmmirror.com/fill-range/7.0.1
    dev: false

  registry.npmmirror.com/buffer-from/1.1.2:
    resolution: {integrity: sha512-E+XQCRwSbaaiChtv6k6Dwgc+bx+Bs6vuKJHHl5kox/BaKbhiXzqQOwK4cO22yElGp2OCmjwVhT3HmxgyPGnJfQ==, registry: https://registry.npm.taobao.org/, tarball: https://registry.npmmirror.com/buffer-from/-/buffer-from-1.1.2.tgz}
    name: buffer-from
    version: 1.1.2
    dev: false

  registry.npmmirror.com/chokidar/3.5.3:
    resolution: {integrity: sha512-Dr3sfKRP6oTcjf2JmUmFJfeVMvXBdegxB0iVQ5eb2V10uFJUCAS8OByZdVAyVb8xXNz3GjjTgj9kLWsZTqE6kw==, registry: https://registry.npm.taobao.org/, tarball: https://registry.npmmirror.com/chokidar/-/chokidar-3.5.3.tgz}
    name: chokidar
    version: 3.5.3
    engines: {node: '>= 8.10.0'}
    dependencies:
      anymatch: registry.npmmirror.com/anymatch/3.1.3
      braces: registry.npmmirror.com/braces/3.0.2
      glob-parent: registry.npmmirror.com/glob-parent/5.1.2
      is-binary-path: registry.npmmirror.com/is-binary-path/2.1.0
      is-glob: registry.npmmirror.com/is-glob/4.0.3
      normalize-path: registry.npmmirror.com/normalize-path/3.0.0
      readdirp: registry.npmmirror.com/readdirp/3.6.0
    optionalDependencies:
      fsevents: registry.npmmirror.com/fsevents/2.3.2
    dev: false

  registry.npmmirror.com/concat-map/0.0.1:
    resolution: {integrity: sha512-/Srv4dswyQNBfohGpz9o6Yb3Gz3SrUDqBH5rTuhGR7ahtlbYKnVxw2bCFMRljaA7EXHaXZ8wsHdodFvbkhKmqg==, registry: https://registry.npm.taobao.org/, tarball: https://registry.npmmirror.com/concat-map/-/concat-map-0.0.1.tgz}
    name: concat-map
    version: 0.0.1
    dev: false

  registry.npmmirror.com/create-require/1.1.1:
    resolution: {integrity: sha512-dcKFX3jn0MpIaXjisoRvexIJVEKzaq7z2rZKxf+MSr9TkdmHmsU4m2lcLojrj/FHl8mk5VxMmYA+ftRkP/3oKQ==, registry: https://registry.npm.taobao.org/, tarball: https://registry.npmmirror.com/create-require/-/create-require-1.1.1.tgz}
    name: create-require
    version: 1.1.1
    dev: false

  registry.npmmirror.com/diff/4.0.2:
    resolution: {integrity: sha512-58lmxKSA4BNyLz+HHMUzlOEpg09FV+ev6ZMe3vJihgdxzgcwZ8VoEEPmALCZG9LmqfVoNMMKpttIYTVG6uDY7A==, registry: https://registry.npm.taobao.org/, tarball: https://registry.npmmirror.com/diff/-/diff-4.0.2.tgz}
    name: diff
    version: 4.0.2
    engines: {node: '>=0.3.1'}
    dev: false

  registry.npmmirror.com/dynamic-dedupe/0.3.0:
    resolution: {integrity: sha512-ssuANeD+z97meYOqd50e04Ze5qp4bPqo8cCkI4TRjZkzAUgIDTrXV1R8QCdINpiI+hw14+rYazvTRdQrz0/rFQ==, registry: https://registry.npm.taobao.org/, tarball: https://registry.npmmirror.com/dynamic-dedupe/-/dynamic-dedupe-0.3.0.tgz}
    name: dynamic-dedupe
    version: 0.3.0
    dependencies:
      xtend: registry.npmmirror.com/xtend/4.0.2
    dev: false

  registry.npmmirror.com/fill-range/7.0.1:
    resolution: {integrity: sha512-qOo9F+dMUmC2Lcb4BbVvnKJxTPjCm+RRpe4gDuGrzkL7mEVl/djYSu2OdQ2Pa302N4oqkSg9ir6jaLWJ2USVpQ==, registry: https://registry.npm.taobao.org/, tarball: https://registry.npmmirror.com/fill-range/-/fill-range-7.0.1.tgz}
    name: fill-range
    version: 7.0.1
    engines: {node: '>=8'}
    dependencies:
      to-regex-range: registry.npmmirror.com/to-regex-range/5.0.1
    dev: false

  registry.npmmirror.com/fs.realpath/1.0.0:
    resolution: {integrity: sha512-OO0pH2lK6a0hZnAdau5ItzHPI6pUlvI7jMVnxUQRtw4owF2wk8lOSabtGDCTP4Ggrg2MbGnWO9X8K1t4+fGMDw==, registry: https://registry.npm.taobao.org/, tarball: https://registry.npmmirror.com/fs.realpath/-/fs.realpath-1.0.0.tgz}
    name: fs.realpath
    version: 1.0.0
    dev: false

  registry.npmmirror.com/fsevents/2.3.2:
    resolution: {integrity: sha512-xiqMQR4xAeHTuB9uWm+fFRcIOgKBMiOBP+eXiyT7jsgVCq1bkVygt00oASowB7EdtpOHaaPgKt812P9ab+DDKA==, registry: https://registry.npm.taobao.org/, tarball: https://registry.npmmirror.com/fsevents/-/fsevents-2.3.2.tgz}
    name: fsevents
    version: 2.3.2
    engines: {node: ^8.16.0 || ^10.6.0 || >=11.0.0}
    os: [darwin]
    requiresBuild: true
    dev: false
    optional: true

  registry.npmmirror.com/function-bind/1.1.1:
    resolution: {integrity: sha512-yIovAzMX49sF8Yl58fSCWJ5svSLuaibPxXQJFLmBObTuCr0Mf1KiPopGM9NiFjiYBCbfaa2Fh6breQ6ANVTI0A==, registry: https://registry.npm.taobao.org/, tarball: https://registry.npmmirror.com/function-bind/-/function-bind-1.1.1.tgz}
    name: function-bind
    version: 1.1.1
    dev: false

  registry.npmmirror.com/glob-parent/5.1.2:
    resolution: {integrity: sha512-AOIgSQCepiJYwP3ARnGx+5VnTu2HBYdzbGP45eLw1vr3zB3vZLeyed1sC9hnbcOc9/SrMyM5RPQrkGz4aS9Zow==, registry: https://registry.npm.taobao.org/, tarball: https://registry.npmmirror.com/glob-parent/-/glob-parent-5.1.2.tgz}
    name: glob-parent
    version: 5.1.2
    engines: {node: '>= 6'}
    dependencies:
      is-glob: registry.npmmirror.com/is-glob/4.0.3
    dev: false

  registry.npmmirror.com/glob/7.2.3:
    resolution: {integrity: sha512-nFR0zLpU2YCaRxwoCJvL6UvCH2JFyFVIvwTLsIf21AuHlMskA1hhTdk+LlYJtOlYt9v6dvszD2BGRqBL+iQK9Q==, registry: https://registry.npm.taobao.org/, tarball: https://registry.npmmirror.com/glob/-/glob-7.2.3.tgz}
    name: glob
    version: 7.2.3
    dependencies:
      fs.realpath: registry.npmmirror.com/fs.realpath/1.0.0
      inflight: registry.npmmirror.com/inflight/1.0.6
      inherits: registry.npmmirror.com/inherits/2.0.4
      minimatch: registry.npmmirror.com/minimatch/3.1.2
      once: registry.npmmirror.com/once/1.4.0
      path-is-absolute: registry.npmmirror.com/path-is-absolute/1.0.1
    dev: false

  registry.npmmirror.com/has/1.0.3:
    resolution: {integrity: sha512-f2dvO0VU6Oej7RkWJGrehjbzMAjFp5/VKPp5tTpWIV4JHHZK1/BxbFRtf/siA2SWTe09caDmVtYYzWEIbBS4zw==, registry: https://registry.npm.taobao.org/, tarball: https://registry.npmmirror.com/has/-/has-1.0.3.tgz}
    name: has
    version: 1.0.3
    engines: {node: '>= 0.4.0'}
    dependencies:
      function-bind: registry.npmmirror.com/function-bind/1.1.1
    dev: false

  registry.npmmirror.com/inflight/1.0.6:
    resolution: {integrity: sha512-k92I/b08q4wvFscXCLvqfsHCrjrF7yiXsQuIVvVE7N82W3+aqpzuUdBbfhWcy/FZR3/4IgflMgKLOsvPDrGCJA==, registry: https://registry.npm.taobao.org/, tarball: https://registry.npmmirror.com/inflight/-/inflight-1.0.6.tgz}
    name: inflight
    version: 1.0.6
    dependencies:
      once: registry.npmmirror.com/once/1.4.0
      wrappy: registry.npmmirror.com/wrappy/1.0.2
    dev: false

  registry.npmmirror.com/inherits/2.0.4:
    resolution: {integrity: sha512-k/vGaX4/Yla3WzyMCvTQOXYeIHvqOKtnqBduzTHpzpQZzAskKMhZ2K+EnBiSM9zGSoIFeMpXKxa4dYeZIQqewQ==, registry: https://registry.npm.taobao.org/, tarball: https://registry.npmmirror.com/inherits/-/inherits-2.0.4.tgz}
    name: inherits
    version: 2.0.4
    dev: false

  registry.npmmirror.com/is-binary-path/2.1.0:
    resolution: {integrity: sha512-ZMERYes6pDydyuGidse7OsHxtbI7WVeUEozgR/g7rd0xUimYNlvZRE/K2MgZTjWy725IfelLeVcEM97mmtRGXw==, registry: https://registry.npm.taobao.org/, tarball: https://registry.npmmirror.com/is-binary-path/-/is-binary-path-2.1.0.tgz}
    name: is-binary-path
    version: 2.1.0
    engines: {node: '>=8'}
    dependencies:
      binary-extensions: registry.npmmirror.com/binary-extensions/2.2.0
    dev: false

  registry.npmmirror.com/is-core-module/2.11.0:
    resolution: {integrity: sha512-RRjxlvLDkD1YJwDbroBHMb+cukurkDWNyHx7D3oNB5x9rb5ogcksMC5wHCadcXoo67gVr/+3GFySh3134zi6rw==, registry: https://registry.npm.taobao.org/, tarball: https://registry.npmmirror.com/is-core-module/-/is-core-module-2.11.0.tgz}
    name: is-core-module
    version: 2.11.0
    dependencies:
      has: registry.npmmirror.com/has/1.0.3
    dev: false

  registry.npmmirror.com/is-extglob/2.1.1:
    resolution: {integrity: sha512-SbKbANkN603Vi4jEZv49LeVJMn4yGwsbzZworEoyEiutsN3nJYdbO36zfhGJ6QEDpOZIFkDtnq5JRxmvl3jsoQ==, registry: https://registry.npm.taobao.org/, tarball: https://registry.npmmirror.com/is-extglob/-/is-extglob-2.1.1.tgz}
    name: is-extglob
    version: 2.1.1
    engines: {node: '>=0.10.0'}
    dev: false

  registry.npmmirror.com/is-glob/4.0.3:
    resolution: {integrity: sha512-xelSayHH36ZgE7ZWhli7pW34hNbNl8Ojv5KVmkJD4hBdD3th8Tfk9vYasLM+mXWOZhFkgZfxhLSnrwRr4elSSg==, registry: https://registry.npm.taobao.org/, tarball: https://registry.npmmirror.com/is-glob/-/is-glob-4.0.3.tgz}
    name: is-glob
    version: 4.0.3
    engines: {node: '>=0.10.0'}
    dependencies:
      is-extglob: registry.npmmirror.com/is-extglob/2.1.1
    dev: false

  registry.npmmirror.com/is-number/7.0.0:
    resolution: {integrity: sha512-41Cifkg6e8TylSpdtTpeLVMqvSBEVzTttHvERD741+pnZ8ANv0004MRL43QKPDlK9cGvNp6NZWZUBlbGXYxxng==, registry: https://registry.npm.taobao.org/, tarball: https://registry.npmmirror.com/is-number/-/is-number-7.0.0.tgz}
    name: is-number
    version: 7.0.0
    engines: {node: '>=0.12.0'}
    dev: false

  registry.npmmirror.com/make-error/1.3.6:
    resolution: {integrity: sha512-s8UhlNe7vPKomQhC1qFelMokr/Sc3AgNbso3n74mVPA5LTZwkB9NlXf4XPamLxJE8h0gh73rM94xvwRT2CVInw==, registry: https://registry.npm.taobao.org/, tarball: https://registry.npmmirror.com/make-error/-/make-error-1.3.6.tgz}
    name: make-error
    version: 1.3.6
    dev: false

  registry.npmmirror.com/minimatch/3.1.2:
    resolution: {integrity: sha512-J7p63hRiAjw1NDEww1W7i37+ByIrOWO5XQQAzZ3VOcL0PNybwpfmV/N05zFAzwQ9USyEcX6t3UO+K5aqBQOIHw==, registry: https://registry.npm.taobao.org/, tarball: https://registry.npmmirror.com/minimatch/-/minimatch-3.1.2.tgz}
    name: minimatch
    version: 3.1.2
    dependencies:
      brace-expansion: registry.npmmirror.com/brace-expansion/1.1.11
    dev: false

  registry.npmmirror.com/minimist/1.2.7:
    resolution: {integrity: sha512-bzfL1YUZsP41gmu/qjrEk0Q6i2ix/cVeAhbCbqH9u3zYutS1cLg00qhrD0M2MVdCcx4Sc0UpP2eBWo9rotpq6g==, registry: https://registry.npm.taobao.org/, tarball: https://registry.npmmirror.com/minimist/-/minimist-1.2.7.tgz}
    name: minimist
    version: 1.2.7
    dev: false

  registry.npmmirror.com/mkdirp/1.0.4:
    resolution: {integrity: sha512-vVqVZQyf3WLx2Shd0qJ9xuvqgAyKPLAiqITEtqW0oIUjzo3PePDd6fW9iFz30ef7Ysp/oiWqbhszeGWW2T6Gzw==, registry: https://registry.npm.taobao.org/, tarball: https://registry.npmmirror.com/mkdirp/-/mkdirp-1.0.4.tgz}
    name: mkdirp
    version: 1.0.4
    engines: {node: '>=10'}
    hasBin: true
    dev: false

  registry.npmmirror.com/normalize-path/3.0.0:
    resolution: {integrity: sha512-6eZs5Ls3WtCisHWp9S2GUy8dqkpGi4BVSz3GaqiE6ezub0512ESztXUwUB6C6IKbQkY2Pnb/mD4WYojCRwcwLA==, registry: https://registry.npm.taobao.org/, tarball: https://registry.npmmirror.com/normalize-path/-/normalize-path-3.0.0.tgz}
    name: normalize-path
    version: 3.0.0
    engines: {node: '>=0.10.0'}
    dev: false

  registry.npmmirror.com/once/1.4.0:
    resolution: {integrity: sha512-lNaJgI+2Q5URQBkccEKHTQOPaXdUxnZZElQTZY0MFUAuaEqe1E+Nyvgdz/aIyNi6Z9MzO5dv1H8n58/GELp3+w==, registry: https://registry.npm.taobao.org/, tarball: https://registry.npmmirror.com/once/-/once-1.4.0.tgz}
    name: once
    version: 1.4.0
    dependencies:
      wrappy: registry.npmmirror.com/wrappy/1.0.2
    dev: false

  registry.npmmirror.com/path-is-absolute/1.0.1:
    resolution: {integrity: sha512-AVbw3UJ2e9bq64vSaS9Am0fje1Pa8pbGqTTsmXfaIiMpnr5DlDhfJOuLj9Sf95ZPVDAUerDfEk88MPmPe7UCQg==, registry: https://registry.npm.taobao.org/, tarball: https://registry.npmmirror.com/path-is-absolute/-/path-is-absolute-1.0.1.tgz}
    name: path-is-absolute
    version: 1.0.1
    engines: {node: '>=0.10.0'}
    dev: false

  registry.npmmirror.com/path-parse/1.0.7:
    resolution: {integrity: sha512-LDJzPVEEEPR+y48z93A0Ed0yXb8pAByGWo/k5YYdYgpY2/2EsOsksJrq7lOHxryrVOn1ejG6oAp8ahvOIQD8sw==, registry: https://registry.npm.taobao.org/, tarball: https://registry.npmmirror.com/path-parse/-/path-parse-1.0.7.tgz}
    name: path-parse
    version: 1.0.7
    dev: false

  registry.npmmirror.com/picomatch/2.3.1:
    resolution: {integrity: sha512-JU3teHTNjmE2VCGFzuY8EXzCDVwEqB2a8fsIvwaStHhAWJEeVd1o1QD80CU6+ZdEXXSLbSsuLwJjkCBWqRQUVA==, registry: https://registry.npm.taobao.org/, tarball: https://registry.npmmirror.com/picomatch/-/picomatch-2.3.1.tgz}
    name: picomatch
    version: 2.3.1
    engines: {node: '>=8.6'}
    dev: false

  registry.npmmirror.com/readdirp/3.6.0:
    resolution: {integrity: sha512-hOS089on8RduqdbhvQ5Z37A0ESjsqz6qnRcffsMU3495FuTdqSm+7bhJ29JvIOsBDEEnan5DPu9t3To9VRlMzA==, registry: https://registry.npm.taobao.org/, tarball: https://registry.npmmirror.com/readdirp/-/readdirp-3.6.0.tgz}
    name: readdirp
    version: 3.6.0
    engines: {node: '>=8.10.0'}
    dependencies:
      picomatch: registry.npmmirror.com/picomatch/2.3.1
    dev: false

  registry.npmmirror.com/reflect-metadata/0.1.13:
    resolution: {integrity: sha512-Ts1Y/anZELhSsjMcU605fU9RE4Oi3p5ORujwbIKXfWa+0Zxs510Qrmrce5/Jowq3cHSZSJqBjypxmHarc+vEWg==, registry: https://registry.npm.taobao.org/, tarball: https://registry.npmmirror.com/reflect-metadata/-/reflect-metadata-0.1.13.tgz}
    name: reflect-metadata
    version: 0.1.13
    dev: false

  registry.npmmirror.com/resolve/1.22.1:
    resolution: {integrity: sha512-nBpuuYuY5jFsli/JIs1oldw6fOQCBioohqWZg/2hiaOybXOft4lonv85uDOKXdf8rhyK159cxU5cDcK/NKk8zw==, registry: https://registry.npm.taobao.org/, tarball: https://registry.npmmirror.com/resolve/-/resolve-1.22.1.tgz}
    name: resolve
    version: 1.22.1
    hasBin: true
    dependencies:
      is-core-module: registry.npmmirror.com/is-core-module/2.11.0
      path-parse: registry.npmmirror.com/path-parse/1.0.7
      supports-preserve-symlinks-flag: registry.npmmirror.com/supports-preserve-symlinks-flag/1.0.0
    dev: false

  registry.npmmirror.com/rimraf/2.7.1:
    resolution: {integrity: sha512-uWjbaKIK3T1OSVptzX7Nl6PvQ3qAGtKEtVRjRuazjfL3Bx5eI409VZSqgND+4UNnmzLVdPj9FqFJNPqBZFve4w==, registry: https://registry.npm.taobao.org/, tarball: https://registry.npmmirror.com/rimraf/-/rimraf-2.7.1.tgz}
    name: rimraf
    version: 2.7.1
    hasBin: true
    dependencies:
      glob: registry.npmmirror.com/glob/7.2.3
    dev: false

  registry.npmmirror.com/source-map-support/0.5.21:
    resolution: {integrity: sha512-uBHU3L3czsIyYXKX88fdrGovxdSCoTGDRZ6SYXtSRxLZUzHg5P/66Ht6uoUlHu9EZod+inXhKo3qQgwXUT/y1w==, registry: https://registry.npm.taobao.org/, tarball: https://registry.npmmirror.com/source-map-support/-/source-map-support-0.5.21.tgz}
    name: source-map-support
    version: 0.5.21
    dependencies:
      buffer-from: registry.npmmirror.com/buffer-from/1.1.2
      source-map: registry.npmmirror.com/source-map/0.6.1
    dev: false

  registry.npmmirror.com/source-map/0.6.1:
    resolution: {integrity: sha512-UjgapumWlbMhkBgzT7Ykc5YXUT46F0iKu8SGXq0bcwP5dz/h0Plj6enJqjz1Zbq2l5WaqYnrVbwWOWMyF3F47g==, registry: https://registry.npm.taobao.org/, tarball: https://registry.npmmirror.com/source-map/-/source-map-0.6.1.tgz}
    name: source-map
    version: 0.6.1
    engines: {node: '>=0.10.0'}
    dev: false

  registry.npmmirror.com/strip-bom/3.0.0:
    resolution: {integrity: sha512-vavAMRXOgBVNF6nyEEmL3DBK19iRpDcoIwW+swQ+CbGiu7lju6t+JklA1MHweoWtadgt4ISVUsXLyDq34ddcwA==, registry: https://registry.npm.taobao.org/, tarball: https://registry.npmmirror.com/strip-bom/-/strip-bom-3.0.0.tgz}
    name: strip-bom
    version: 3.0.0
    engines: {node: '>=4'}
    dev: false

  registry.npmmirror.com/strip-json-comments/2.0.1:
    resolution: {integrity: sha512-4gB8na07fecVVkOI6Rs4e7T6NOTki5EmL7TUduTs6bu3EdnSycntVJ4re8kgZA+wx9IueI2Y11bfbgwtzuE0KQ==, registry: https://registry.npm.taobao.org/, tarball: https://registry.npmmirror.com/strip-json-comments/-/strip-json-comments-2.0.1.tgz}
    name: strip-json-comments
    version: 2.0.1
    engines: {node: '>=0.10.0'}
    dev: false

  registry.npmmirror.com/supports-preserve-symlinks-flag/1.0.0:
    resolution: {integrity: sha512-ot0WnXS9fgdkgIcePe6RHNk1WA8+muPa6cSjeR3V8K27q9BB1rTE3R1p7Hv0z1ZyAc8s6Vvv8DIyWf681MAt0w==, registry: https://registry.npm.taobao.org/, tarball: https://registry.npmmirror.com/supports-preserve-symlinks-flag/-/supports-preserve-symlinks-flag-1.0.0.tgz}
    name: supports-preserve-symlinks-flag
    version: 1.0.0
    engines: {node: '>= 0.4'}
    dev: false

  registry.npmmirror.com/to-regex-range/5.0.1:
    resolution: {integrity: sha512-65P7iz6X5yEr1cwcgvQxbbIw7Uk3gOy5dIdtZ4rDveLqhrdJP+Li/Hx6tyK0NEb+2GCyneCMJiGqrADCSNk8sQ==, registry: https://registry.npm.taobao.org/, tarball: https://registry.npmmirror.com/to-regex-range/-/to-regex-range-5.0.1.tgz}
    name: to-regex-range
    version: 5.0.1
    engines: {node: '>=8.0'}
    dependencies:
      is-number: registry.npmmirror.com/is-number/7.0.0
    dev: false

  registry.npmmirror.com/tree-kill/1.2.2:
    resolution: {integrity: sha512-L0Orpi8qGpRG//Nd+H90vFB+3iHnue1zSSGmNOOCh1GLJ7rUKVwV2HvijphGQS2UmhUZewS9VgvxYIdgr+fG1A==, registry: https://registry.npm.taobao.org/, tarball: https://registry.npmmirror.com/tree-kill/-/tree-kill-1.2.2.tgz}
    name: tree-kill
    version: 1.2.2
    hasBin: true
    dev: false

  registry.npmmirror.com/ts-node-dev/2.0.0:
    resolution: {integrity: sha512-ywMrhCfH6M75yftYvrvNarLEY+SUXtUvU8/0Z6llrHQVBx12GiFk5sStF8UdfE/yfzk9IAq7O5EEbTQsxlBI8w==, registry: https://registry.npm.taobao.org/, tarball: https://registry.npmmirror.com/ts-node-dev/-/ts-node-dev-2.0.0.tgz}
    name: ts-node-dev
    version: 2.0.0
    engines: {node: '>=0.8.0'}
    hasBin: true
    peerDependencies:
      node-notifier: '*'
      typescript: '*'
    peerDependenciesMeta:
      node-notifier:
        optional: true
    dependencies:
      chokidar: registry.npmmirror.com/chokidar/3.5.3
      dynamic-dedupe: registry.npmmirror.com/dynamic-dedupe/0.3.0
      minimist: registry.npmmirror.com/minimist/1.2.7
      mkdirp: registry.npmmirror.com/mkdirp/1.0.4
      resolve: registry.npmmirror.com/resolve/1.22.1
      rimraf: registry.npmmirror.com/rimraf/2.7.1
      source-map-support: registry.npmmirror.com/source-map-support/0.5.21
      tree-kill: registry.npmmirror.com/tree-kill/1.2.2
      ts-node: registry.npmmirror.com/ts-node/10.9.1
      tsconfig: registry.npmmirror.com/tsconfig/7.0.0
    transitivePeerDependencies:
      - '@swc/core'
      - '@swc/wasm'
      - '@types/node'
    dev: false

  registry.npmmirror.com/ts-node/10.9.1:
    resolution: {integrity: sha512-NtVysVPkxxrwFGUUxGYhfux8k78pQB3JqYBXlLRZgdGUqTO5wU/UyHop5p70iEbGhB7q5KmiZiU0Y3KlJrScEw==, registry: https://registry.npm.taobao.org/, tarball: https://registry.npmmirror.com/ts-node/-/ts-node-10.9.1.tgz}
    name: ts-node
    version: 10.9.1
    hasBin: true
    peerDependencies:
      '@swc/core': '>=1.2.50'
      '@swc/wasm': '>=1.2.50'
      '@types/node': '*'
      typescript: '>=2.7'
    peerDependenciesMeta:
      '@swc/core':
        optional: true
      '@swc/wasm':
        optional: true
    dependencies:
      '@cspotcode/source-map-support': registry.npmmirror.com/@cspotcode/source-map-support/0.8.1
      '@tsconfig/node10': registry.npmmirror.com/@tsconfig/node10/1.0.9
      '@tsconfig/node12': registry.npmmirror.com/@tsconfig/node12/1.0.11
      '@tsconfig/node14': registry.npmmirror.com/@tsconfig/node14/1.0.3
      '@tsconfig/node16': registry.npmmirror.com/@tsconfig/node16/1.0.3
      acorn: registry.npmmirror.com/acorn/8.8.2
      acorn-walk: registry.npmmirror.com/acorn-walk/8.2.0
      arg: registry.npmmirror.com/arg/4.1.3
      create-require: registry.npmmirror.com/create-require/1.1.1
      diff: registry.npmmirror.com/diff/4.0.2
      make-error: registry.npmmirror.com/make-error/1.3.6
      v8-compile-cache-lib: registry.npmmirror.com/v8-compile-cache-lib/3.0.1
      yn: registry.npmmirror.com/yn/3.1.1
    dev: false

  registry.npmmirror.com/tsconfig/7.0.0:
    resolution: {integrity: sha512-vZXmzPrL+EmC4T/4rVlT2jNVMWCi/O4DIiSj3UHg1OE5kCKbk4mfrXc6dZksLgRM/TZlKnousKH9bbTazUWRRw==, registry: https://registry.npm.taobao.org/, tarball: https://registry.npmmirror.com/tsconfig/-/tsconfig-7.0.0.tgz}
    name: tsconfig
    version: 7.0.0
    dependencies:
      '@types/strip-bom': registry.npmmirror.com/@types/strip-bom/3.0.0
      '@types/strip-json-comments': registry.npmmirror.com/@types/strip-json-comments/0.0.30
      strip-bom: registry.npmmirror.com/strip-bom/3.0.0
      strip-json-comments: registry.npmmirror.com/strip-json-comments/2.0.1
    dev: false

  registry.npmmirror.com/v8-compile-cache-lib/3.0.1:
    resolution: {integrity: sha512-wa7YjyUGfNZngI/vtK0UHAN+lgDCxBPCylVXGp0zu59Fz5aiGtNXaq3DhIov063MorB+VfufLh3JlF2KdTK3xg==, registry: https://registry.npm.taobao.org/, tarball: https://registry.npmmirror.com/v8-compile-cache-lib/-/v8-compile-cache-lib-3.0.1.tgz}
    name: v8-compile-cache-lib
    version: 3.0.1
    dev: false

  registry.npmmirror.com/wrappy/1.0.2:
    resolution: {integrity: sha512-l4Sp/DRseor9wL6EvV2+TuQn63dMkPjZ/sp9XkghTEbV9KlPS1xUsZ3u7/IQO4wxtcFB4bgpQPRcR3QCvezPcQ==, registry: https://registry.npm.taobao.org/, tarball: https://registry.npmmirror.com/wrappy/-/wrappy-1.0.2.tgz}
    name: wrappy
    version: 1.0.2
    dev: false

  registry.npmmirror.com/xtend/4.0.2:
    resolution: {integrity: sha512-LKYU1iAXJXUgAXn9URjiu+MWhyUXHsvfp7mcuYm9dSUKK0/CjtrUwFAxD82/mCWbtLsGjFIad0wIsod4zrTAEQ==, registry: https://registry.npm.taobao.org/, tarball: https://registry.npmmirror.com/xtend/-/xtend-4.0.2.tgz}
    name: xtend
    version: 4.0.2
    engines: {node: '>=0.4'}
    dev: false

  registry.npmmirror.com/yn/3.1.1:
    resolution: {integrity: sha512-Ux4ygGWsu2c7isFWe8Yu1YluJmqVhxqK2cLXNQA5AcC3QfbGNpM7fu0Y8b/z16pXLnFxZYvWhd3fhBY9DLmC6Q==, registry: https://registry.npm.taobao.org/, tarball: https://registry.npmmirror.com/yn/-/yn-3.1.1.tgz}
    name: yn
    version: 3.1.1
    engines: {node: '>=6'}
    dev: false
