lockfileVersion: 5.4

specifiers:
  acorn: ^8.3.0
  magic-string: ^0.25.7
  rollup: ^2.51.0
  webpack-cli: ^4.10.0

dependencies:
  acorn: registry.npmmirror.com/acorn/8.8.2
  magic-string: registry.npmmirror.com/magic-string/0.25.9
  rollup: registry.npmmirror.com/rollup/2.79.1

devDependencies:
  webpack-cli: registry.npmmirror.com/webpack-cli/4.10.0

packages:

  registry.npmmirror.com/@discoveryjs/json-ext/0.5.7:
    resolution: {integrity: sha512-dBVuXR082gk3jsFp7Rd/JI4kytwGHecnCoTtXFb7DB6CNHp4rg5k1bhg0nWdLGLnOV71lmDzGQaLMy8iPLY0pw==, registry: https://registry.npm.taobao.org/, tarball: https://registry.npmmirror.com/@discoveryjs/json-ext/-/json-ext-0.5.7.tgz}
    name: '@discoveryjs/json-ext'
    version: 0.5.7
    engines: {node: '>=10.0.0'}
    dev: true

  registry.npmmirror.com/@webpack-cli/configtest/1.2.0_webpack-cli@4.10.0:
    resolution: {integrity: sha512-4FB8Tj6xyVkyqjj1OaTqCjXYULB9FMkqQ8yGrZjRDrYh0nOE+7Lhs45WioWQQMV+ceFlE368Ukhe6xdvJM9Egg==, registry: https://registry.npm.taobao.org/, tarball: https://registry.npmmirror.com/@webpack-cli/configtest/-/configtest-1.2.0.tgz}
    id: registry.npmmirror.com/@webpack-cli/configtest/1.2.0
    name: '@webpack-cli/configtest'
    version: 1.2.0
    peerDependencies:
      webpack: 4.x.x || 5.x.x
      webpack-cli: 4.x.x
    dependencies:
      webpack-cli: registry.npmmirror.com/webpack-cli/4.10.0
    dev: true

  registry.npmmirror.com/@webpack-cli/info/1.5.0_webpack-cli@4.10.0:
    resolution: {integrity: sha512-e8tSXZpw2hPl2uMJY6fsMswaok5FdlGNRTktvFk2sD8RjH0hE2+XistawJx1vmKteh4NmGmNUrp+Tb2w+udPcQ==, registry: https://registry.npm.taobao.org/, tarball: https://registry.npmmirror.com/@webpack-cli/info/-/info-1.5.0.tgz}
    id: registry.npmmirror.com/@webpack-cli/info/1.5.0
    name: '@webpack-cli/info'
    version: 1.5.0
    peerDependencies:
      webpack-cli: 4.x.x
    dependencies:
      envinfo: registry.npmmirror.com/envinfo/7.8.1
      webpack-cli: registry.npmmirror.com/webpack-cli/4.10.0
    dev: true

  registry.npmmirror.com/@webpack-cli/serve/1.7.0_webpack-cli@4.10.0:
    resolution: {integrity: sha512-oxnCNGj88fL+xzV+dacXs44HcDwf1ovs3AuEzvP7mqXw7fQntqIhQ1BRmynh4qEKQSSSRSWVyXRjmTbZIX9V2Q==, registry: https://registry.npm.taobao.org/, tarball: https://registry.npmmirror.com/@webpack-cli/serve/-/serve-1.7.0.tgz}
    id: registry.npmmirror.com/@webpack-cli/serve/1.7.0
    name: '@webpack-cli/serve'
    version: 1.7.0
    peerDependencies:
      webpack-cli: 4.x.x
      webpack-dev-server: '*'
    peerDependenciesMeta:
      webpack-dev-server:
        optional: true
    dependencies:
      webpack-cli: registry.npmmirror.com/webpack-cli/4.10.0
    dev: true

  registry.npmmirror.com/acorn/8.8.2:
    resolution: {integrity: sha512-xjIYgE8HBrkpd/sJqOGNspf8uHG+NOHGOw6a/Urj8taM2EXfdNAH2oFcPeIFfsv3+kz/mJrS5VuMqbNLjCa2vw==, registry: https://registry.npm.taobao.org/, tarball: https://registry.npmmirror.com/acorn/-/acorn-8.8.2.tgz}
    name: acorn
    version: 8.8.2
    engines: {node: '>=0.4.0'}
    hasBin: true
    dev: false

  registry.npmmirror.com/clone-deep/4.0.1:
    resolution: {integrity: sha512-neHB9xuzh/wk0dIHweyAXv2aPGZIVk3pLMe+/RNzINf17fe0OG96QroktYAUm7SM1PBnzTabaLboqqxDyMU+SQ==, registry: https://registry.npm.taobao.org/, tarball: https://registry.npmmirror.com/clone-deep/-/clone-deep-4.0.1.tgz}
    name: clone-deep
    version: 4.0.1
    engines: {node: '>=6'}
    dependencies:
      is-plain-object: registry.npmmirror.com/is-plain-object/2.0.4
      kind-of: registry.npmmirror.com/kind-of/6.0.3
      shallow-clone: registry.npmmirror.com/shallow-clone/3.0.1
    dev: true

  registry.npmmirror.com/colorette/2.0.20:
    resolution: {integrity: sha512-IfEDxwoWIjkeXL1eXcDiow4UbKjhLdq6/EuSVR9GMN7KVH3r9gQ83e73hsz1Nd1T3ijd5xv1wcWRYO+D6kCI2w==, registry: https://registry.npm.taobao.org/, tarball: https://registry.npmmirror.com/colorette/-/colorette-2.0.20.tgz}
    name: colorette
    version: 2.0.20
    dev: true

  registry.npmmirror.com/commander/7.2.0:
    resolution: {integrity: sha512-QrWXB+ZQSVPmIWIhtEO9H+gwHaMGYiF5ChvoJ+K9ZGHG/sVsa6yiesAD1GC/x46sET00Xlwo1u49RVVVzvcSkw==, registry: https://registry.npm.taobao.org/, tarball: https://registry.npmmirror.com/commander/-/commander-7.2.0.tgz}
    name: commander
    version: 7.2.0
    engines: {node: '>= 10'}
    dev: true

  registry.npmmirror.com/cross-spawn/7.0.3:
    resolution: {integrity: sha512-iRDPJKUPVEND7dHPO8rkbOnPpyDygcDFtWjpeWNCgy8WP2rXcxXL8TskReQl6OrB2G7+UJrags1q15Fudc7G6w==, registry: https://registry.npm.taobao.org/, tarball: https://registry.npmmirror.com/cross-spawn/-/cross-spawn-7.0.3.tgz}
    name: cross-spawn
    version: 7.0.3
    engines: {node: '>= 8'}
    dependencies:
      path-key: registry.npmmirror.com/path-key/3.1.1
      shebang-command: registry.npmmirror.com/shebang-command/2.0.0
      which: registry.npmmirror.com/which/2.0.2
    dev: true

  registry.npmmirror.com/envinfo/7.8.1:
    resolution: {integrity: sha512-/o+BXHmB7ocbHEAs6F2EnG0ogybVVUdkRunTT2glZU9XAaGmhqskrvKwqXuDfNjEO0LZKWdejEEpnq8aM0tOaw==, registry: https://registry.npm.taobao.org/, tarball: https://registry.npmmirror.com/envinfo/-/envinfo-7.8.1.tgz}
    name: envinfo
    version: 7.8.1
    engines: {node: '>=4'}
    hasBin: true
    dev: true

  registry.npmmirror.com/fastest-levenshtein/1.0.16:
    resolution: {integrity: sha512-eRnCtTTtGZFpQCwhJiUOuxPQWRXVKYDn0b2PeHfXL6/Zi53SLAzAHfVhVWK2AryC/WH05kGfxhFIPvTF0SXQzg==, registry: https://registry.npm.taobao.org/, tarball: https://registry.npmmirror.com/fastest-levenshtein/-/fastest-levenshtein-1.0.16.tgz}
    name: fastest-levenshtein
    version: 1.0.16
    engines: {node: '>= 4.9.1'}
    dev: true

  registry.npmmirror.com/find-up/4.1.0:
    resolution: {integrity: sha512-PpOwAdQ/YlXQ2vj8a3h8IipDuYRi3wceVQQGYWxNINccq40Anw7BlsEXCMbt1Zt+OLA6Fq9suIpIWD0OsnISlw==, registry: https://registry.npm.taobao.org/, tarball: https://registry.npmmirror.com/find-up/-/find-up-4.1.0.tgz}
    name: find-up
    version: 4.1.0
    engines: {node: '>=8'}
    dependencies:
      locate-path: registry.npmmirror.com/locate-path/5.0.0
      path-exists: registry.npmmirror.com/path-exists/4.0.0
    dev: true

  registry.npmmirror.com/fsevents/2.3.2:
    resolution: {integrity: sha512-xiqMQR4xAeHTuB9uWm+fFRcIOgKBMiOBP+eXiyT7jsgVCq1bkVygt00oASowB7EdtpOHaaPgKt812P9ab+DDKA==, registry: https://registry.npm.taobao.org/, tarball: https://registry.npmmirror.com/fsevents/-/fsevents-2.3.2.tgz}
    name: fsevents
    version: 2.3.2
    engines: {node: ^8.16.0 || ^10.6.0 || >=11.0.0}
    os: [darwin]
    requiresBuild: true
    dev: false
    optional: true

  registry.npmmirror.com/function-bind/1.1.1:
    resolution: {integrity: sha512-yIovAzMX49sF8Yl58fSCWJ5svSLuaibPxXQJFLmBObTuCr0Mf1KiPopGM9NiFjiYBCbfaa2Fh6breQ6ANVTI0A==, registry: https://registry.npm.taobao.org/, tarball: https://registry.npmmirror.com/function-bind/-/function-bind-1.1.1.tgz}
    name: function-bind
    version: 1.1.1
    dev: true

  registry.npmmirror.com/has/1.0.3:
    resolution: {integrity: sha512-f2dvO0VU6Oej7RkWJGrehjbzMAjFp5/VKPp5tTpWIV4JHHZK1/BxbFRtf/siA2SWTe09caDmVtYYzWEIbBS4zw==, registry: https://registry.npm.taobao.org/, tarball: https://registry.npmmirror.com/has/-/has-1.0.3.tgz}
    name: has
    version: 1.0.3
    engines: {node: '>= 0.4.0'}
    dependencies:
      function-bind: registry.npmmirror.com/function-bind/1.1.1
    dev: true

  registry.npmmirror.com/import-local/3.1.0:
    resolution: {integrity: sha512-ASB07uLtnDs1o6EHjKpX34BKYDSqnFerfTOJL2HvMqF70LnxpjkzDB8J44oT9pu4AMPkQwf8jl6szgvNd2tRIg==, registry: https://registry.npm.taobao.org/, tarball: https://registry.npmmirror.com/import-local/-/import-local-3.1.0.tgz}
    name: import-local
    version: 3.1.0
    engines: {node: '>=8'}
    hasBin: true
    dependencies:
      pkg-dir: registry.npmmirror.com/pkg-dir/4.2.0
      resolve-cwd: registry.npmmirror.com/resolve-cwd/3.0.0
    dev: true

  registry.npmmirror.com/interpret/2.2.0:
    resolution: {integrity: sha512-Ju0Bz/cEia55xDwUWEa8+olFpCiQoypjnQySseKtmjNrnps3P+xfpUmGr90T7yjlVJmOtybRvPXhKMbHr+fWnw==, registry: https://registry.npm.taobao.org/, tarball: https://registry.npmmirror.com/interpret/-/interpret-2.2.0.tgz}
    name: interpret
    version: 2.2.0
    engines: {node: '>= 0.10'}
    dev: true

  registry.npmmirror.com/is-core-module/2.12.1:
    resolution: {integrity: sha512-Q4ZuBAe2FUsKtyQJoQHlvP8OvBERxO3jEmy1I7hcRXcJBGGHFh/aJBswbXuS9sgrDH2QUO8ilkwNPHvHMd8clg==, registry: https://registry.npm.taobao.org/, tarball: https://registry.npmmirror.com/is-core-module/-/is-core-module-2.12.1.tgz}
    name: is-core-module
    version: 2.12.1
    dependencies:
      has: registry.npmmirror.com/has/1.0.3
    dev: true

  registry.npmmirror.com/is-plain-object/2.0.4:
    resolution: {integrity: sha512-h5PpgXkWitc38BBMYawTYMWJHFZJVnBquFE57xFpjB8pJFiF6gZ+bU+WyI/yqXiFR5mdLsgYNaPe8uao6Uv9Og==, registry: https://registry.npm.taobao.org/, tarball: https://registry.npmmirror.com/is-plain-object/-/is-plain-object-2.0.4.tgz}
    name: is-plain-object
    version: 2.0.4
    engines: {node: '>=0.10.0'}
    dependencies:
      isobject: registry.npmmirror.com/isobject/3.0.1
    dev: true

  registry.npmmirror.com/isexe/2.0.0:
    resolution: {integrity: sha512-RHxMLp9lnKHGHRng9QFhRCMbYAcVpn69smSGcq3f36xjgVVWThj4qqLbTLlq7Ssj8B+fIQ1EuCEGI2lKsyQeIw==, registry: https://registry.npm.taobao.org/, tarball: https://registry.npmmirror.com/isexe/-/isexe-2.0.0.tgz}
    name: isexe
    version: 2.0.0
    dev: true

  registry.npmmirror.com/isobject/3.0.1:
    resolution: {integrity: sha512-WhB9zCku7EGTj/HQQRz5aUQEUeoQZH2bWcltRErOpymJ4boYE6wL9Tbr23krRPSZ+C5zqNSrSw+Cc7sZZ4b7vg==, registry: https://registry.npm.taobao.org/, tarball: https://registry.npmmirror.com/isobject/-/isobject-3.0.1.tgz}
    name: isobject
    version: 3.0.1
    engines: {node: '>=0.10.0'}
    dev: true

  registry.npmmirror.com/kind-of/6.0.3:
    resolution: {integrity: sha512-dcS1ul+9tmeD95T+x28/ehLgd9mENa3LsvDTtzm3vyBEO7RPptvAD+t44WVXaUjTBRcrpFeFlC8WCruUR456hw==, registry: https://registry.npm.taobao.org/, tarball: https://registry.npmmirror.com/kind-of/-/kind-of-6.0.3.tgz}
    name: kind-of
    version: 6.0.3
    engines: {node: '>=0.10.0'}
    dev: true

  registry.npmmirror.com/locate-path/5.0.0:
    resolution: {integrity: sha512-t7hw9pI+WvuwNJXwk5zVHpyhIqzg2qTlklJOf0mVxGSbe3Fp2VieZcduNYjaLDoy6p9uGpQEGWG87WpMKlNq8g==, registry: https://registry.npm.taobao.org/, tarball: https://registry.npmmirror.com/locate-path/-/locate-path-5.0.0.tgz}
    name: locate-path
    version: 5.0.0
    engines: {node: '>=8'}
    dependencies:
      p-locate: registry.npmmirror.com/p-locate/4.1.0
    dev: true

  registry.npmmirror.com/magic-string/0.25.9:
    resolution: {integrity: sha512-RmF0AsMzgt25qzqqLc1+MbHmhdx0ojF2Fvs4XnOqz2ZOBXzzkEwc/dJQZCYHAn7v1jbVOjAZfK8msRn4BxO4VQ==, registry: https://registry.npm.taobao.org/, tarball: https://registry.npmmirror.com/magic-string/-/magic-string-0.25.9.tgz}
    name: magic-string
    version: 0.25.9
    dependencies:
      sourcemap-codec: registry.npmmirror.com/sourcemap-codec/1.4.8
    dev: false

  registry.npmmirror.com/p-limit/2.3.0:
    resolution: {integrity: sha512-//88mFWSJx8lxCzwdAABTJL2MyWB12+eIY7MDL2SqLmAkeKU9qxRvWuSyTjm3FUmpBEMuFfckAIqEaVGUDxb6w==, registry: https://registry.npm.taobao.org/, tarball: https://registry.npmmirror.com/p-limit/-/p-limit-2.3.0.tgz}
    name: p-limit
    version: 2.3.0
    engines: {node: '>=6'}
    dependencies:
      p-try: registry.npmmirror.com/p-try/2.2.0
    dev: true

  registry.npmmirror.com/p-locate/4.1.0:
    resolution: {integrity: sha512-R79ZZ/0wAxKGu3oYMlz8jy/kbhsNrS7SKZ7PxEHBgJ5+F2mtFW2fK2cOtBh1cHYkQsbzFV7I+EoRKe6Yt0oK7A==, registry: https://registry.npm.taobao.org/, tarball: https://registry.npmmirror.com/p-locate/-/p-locate-4.1.0.tgz}
    name: p-locate
    version: 4.1.0
    engines: {node: '>=8'}
    dependencies:
      p-limit: registry.npmmirror.com/p-limit/2.3.0
    dev: true

  registry.npmmirror.com/p-try/2.2.0:
    resolution: {integrity: sha512-R4nPAVTAU0B9D35/Gk3uJf/7XYbQcyohSKdvAxIRSNghFl4e71hVoGnBNQz9cWaXxO2I10KTC+3jMdvvoKw6dQ==, registry: https://registry.npm.taobao.org/, tarball: https://registry.npmmirror.com/p-try/-/p-try-2.2.0.tgz}
    name: p-try
    version: 2.2.0
    engines: {node: '>=6'}
    dev: true

  registry.npmmirror.com/path-exists/4.0.0:
    resolution: {integrity: sha512-ak9Qy5Q7jYb2Wwcey5Fpvg2KoAc/ZIhLSLOSBmRmygPsGwkVVt0fZa0qrtMz+m6tJTAHfZQ8FnmB4MG4LWy7/w==, registry: https://registry.npm.taobao.org/, tarball: https://registry.npmmirror.com/path-exists/-/path-exists-4.0.0.tgz}
    name: path-exists
    version: 4.0.0
    engines: {node: '>=8'}
    dev: true

  registry.npmmirror.com/path-key/3.1.1:
    resolution: {integrity: sha512-ojmeN0qd+y0jszEtoY48r0Peq5dwMEkIlCOu6Q5f41lfkswXuKtYrhgoTpLnyIcHm24Uhqx+5Tqm2InSwLhE6Q==, registry: https://registry.npm.taobao.org/, tarball: https://registry.npmmirror.com/path-key/-/path-key-3.1.1.tgz}
    name: path-key
    version: 3.1.1
    engines: {node: '>=8'}
    dev: true

  registry.npmmirror.com/path-parse/1.0.7:
    resolution: {integrity: sha512-LDJzPVEEEPR+y48z93A0Ed0yXb8pAByGWo/k5YYdYgpY2/2EsOsksJrq7lOHxryrVOn1ejG6oAp8ahvOIQD8sw==, registry: https://registry.npm.taobao.org/, tarball: https://registry.npmmirror.com/path-parse/-/path-parse-1.0.7.tgz}
    name: path-parse
    version: 1.0.7
    dev: true

  registry.npmmirror.com/pkg-dir/4.2.0:
    resolution: {integrity: sha512-HRDzbaKjC+AOWVXxAU/x54COGeIv9eb+6CkDSQoNTt4XyWoIJvuPsXizxu/Fr23EiekbtZwmh1IcIG/l/a10GQ==, registry: https://registry.npm.taobao.org/, tarball: https://registry.npmmirror.com/pkg-dir/-/pkg-dir-4.2.0.tgz}
    name: pkg-dir
    version: 4.2.0
    engines: {node: '>=8'}
    dependencies:
      find-up: registry.npmmirror.com/find-up/4.1.0
    dev: true

  registry.npmmirror.com/rechoir/0.7.1:
    resolution: {integrity: sha512-/njmZ8s1wVeR6pjTZ+0nCnv8SpZNRMT2D1RLOJQESlYFDBvwpTA4KWJpZ+sBJ4+vhjILRcK7JIFdGCdxEAAitg==, registry: https://registry.npm.taobao.org/, tarball: https://registry.npmmirror.com/rechoir/-/rechoir-0.7.1.tgz}
    name: rechoir
    version: 0.7.1
    engines: {node: '>= 0.10'}
    dependencies:
      resolve: registry.npmmirror.com/resolve/1.22.2
    dev: true

  registry.npmmirror.com/resolve-cwd/3.0.0:
    resolution: {integrity: sha512-OrZaX2Mb+rJCpH/6CpSqt9xFVpN++x01XnN2ie9g6P5/3xelLAkXWVADpdz1IHD/KFfEXyE6V0U01OQ3UO2rEg==, registry: https://registry.npm.taobao.org/, tarball: https://registry.npmmirror.com/resolve-cwd/-/resolve-cwd-3.0.0.tgz}
    name: resolve-cwd
    version: 3.0.0
    engines: {node: '>=8'}
    dependencies:
      resolve-from: registry.npmmirror.com/resolve-from/5.0.0
    dev: true

  registry.npmmirror.com/resolve-from/5.0.0:
    resolution: {integrity: sha512-qYg9KP24dD5qka9J47d0aVky0N+b4fTU89LN9iDnjB5waksiC49rvMB0PrUJQGoTmH50XPiqOvAjDfaijGxYZw==, registry: https://registry.npm.taobao.org/, tarball: https://registry.npmmirror.com/resolve-from/-/resolve-from-5.0.0.tgz}
    name: resolve-from
    version: 5.0.0
    engines: {node: '>=8'}
    dev: true

  registry.npmmirror.com/resolve/1.22.2:
    resolution: {integrity: sha512-Sb+mjNHOULsBv818T40qSPeRiuWLyaGMa5ewydRLFimneixmVy2zdivRl+AF6jaYPC8ERxGDmFSiqui6SfPd+g==, registry: https://registry.npm.taobao.org/, tarball: https://registry.npmmirror.com/resolve/-/resolve-1.22.2.tgz}
    name: resolve
    version: 1.22.2
    hasBin: true
    dependencies:
      is-core-module: registry.npmmirror.com/is-core-module/2.12.1
      path-parse: registry.npmmirror.com/path-parse/1.0.7
      supports-preserve-symlinks-flag: registry.npmmirror.com/supports-preserve-symlinks-flag/1.0.0
    dev: true

  registry.npmmirror.com/rollup/2.79.1:
    resolution: {integrity: sha512-uKxbd0IhMZOhjAiD5oAFp7BqvkA4Dv47qpOCtaNvng4HBwdbWtdOh8f5nZNuk2rp51PMGk3bzfWu5oayNEuYnw==, registry: https://registry.npm.taobao.org/, tarball: https://registry.npmmirror.com/rollup/-/rollup-2.79.1.tgz}
    name: rollup
    version: 2.79.1
    engines: {node: '>=10.0.0'}
    hasBin: true
    optionalDependencies:
      fsevents: registry.npmmirror.com/fsevents/2.3.2
    dev: false

  registry.npmmirror.com/shallow-clone/3.0.1:
    resolution: {integrity: sha512-/6KqX+GVUdqPuPPd2LxDDxzX6CAbjJehAAOKlNpqqUpAqPM6HeL8f+o3a+JsyGjn2lv0WY8UsTgUJjU9Ok55NA==, registry: https://registry.npm.taobao.org/, tarball: https://registry.npmmirror.com/shallow-clone/-/shallow-clone-3.0.1.tgz}
    name: shallow-clone
    version: 3.0.1
    engines: {node: '>=8'}
    dependencies:
      kind-of: registry.npmmirror.com/kind-of/6.0.3
    dev: true

  registry.npmmirror.com/shebang-command/2.0.0:
    resolution: {integrity: sha512-kHxr2zZpYtdmrN1qDjrrX/Z1rR1kG8Dx+gkpK1G4eXmvXswmcE1hTWBWYUzlraYw1/yZp6YuDY77YtvbN0dmDA==, registry: https://registry.npm.taobao.org/, tarball: https://registry.npmmirror.com/shebang-command/-/shebang-command-2.0.0.tgz}
    name: shebang-command
    version: 2.0.0
    engines: {node: '>=8'}
    dependencies:
      shebang-regex: registry.npmmirror.com/shebang-regex/3.0.0
    dev: true

  registry.npmmirror.com/shebang-regex/3.0.0:
    resolution: {integrity: sha512-7++dFhtcx3353uBaq8DDR4NuxBetBzC7ZQOhmTQInHEd6bSrXdiEyzCvG07Z44UYdLShWUyXt5M/yhz8ekcb1A==, registry: https://registry.npm.taobao.org/, tarball: https://registry.npmmirror.com/shebang-regex/-/shebang-regex-3.0.0.tgz}
    name: shebang-regex
    version: 3.0.0
    engines: {node: '>=8'}
    dev: true

  registry.npmmirror.com/sourcemap-codec/1.4.8:
    resolution: {integrity: sha512-9NykojV5Uih4lgo5So5dtw+f0JgJX30KCNI8gwhz2J9A15wD0Ml6tjHKwf6fTSa6fAdVBdZeNOs9eJ71qCk8vA==, registry: https://registry.npm.taobao.org/, tarball: https://registry.npmmirror.com/sourcemap-codec/-/sourcemap-codec-1.4.8.tgz}
    name: sourcemap-codec
    version: 1.4.8
    deprecated: Please use @jridgewell/sourcemap-codec instead
    dev: false

  registry.npmmirror.com/supports-preserve-symlinks-flag/1.0.0:
    resolution: {integrity: sha512-ot0WnXS9fgdkgIcePe6RHNk1WA8+muPa6cSjeR3V8K27q9BB1rTE3R1p7Hv0z1ZyAc8s6Vvv8DIyWf681MAt0w==, registry: https://registry.npm.taobao.org/, tarball: https://registry.npmmirror.com/supports-preserve-symlinks-flag/-/supports-preserve-symlinks-flag-1.0.0.tgz}
    name: supports-preserve-symlinks-flag
    version: 1.0.0
    engines: {node: '>= 0.4'}
    dev: true

  registry.npmmirror.com/webpack-cli/4.10.0:
    resolution: {integrity: sha512-NLhDfH/h4O6UOy+0LSso42xvYypClINuMNBVVzX4vX98TmTaTUxwRbXdhucbFMd2qLaCTcLq/PdYrvi8onw90w==, registry: https://registry.npm.taobao.org/, tarball: https://registry.npmmirror.com/webpack-cli/-/webpack-cli-4.10.0.tgz}
    name: webpack-cli
    version: 4.10.0
    engines: {node: '>=10.13.0'}
    hasBin: true
    peerDependencies:
      '@webpack-cli/generators': '*'
      '@webpack-cli/migrate': '*'
      webpack: 4.x.x || 5.x.x
      webpack-bundle-analyzer: '*'
      webpack-dev-server: '*'
    peerDependenciesMeta:
      '@webpack-cli/generators':
        optional: true
      '@webpack-cli/migrate':
        optional: true
      webpack-bundle-analyzer:
        optional: true
      webpack-dev-server:
        optional: true
    dependencies:
      '@discoveryjs/json-ext': registry.npmmirror.com/@discoveryjs/json-ext/0.5.7
      '@webpack-cli/configtest': registry.npmmirror.com/@webpack-cli/configtest/1.2.0_webpack-cli@4.10.0
      '@webpack-cli/info': registry.npmmirror.com/@webpack-cli/info/1.5.0_webpack-cli@4.10.0
      '@webpack-cli/serve': registry.npmmirror.com/@webpack-cli/serve/1.7.0_webpack-cli@4.10.0
      colorette: registry.npmmirror.com/colorette/2.0.20
      commander: registry.npmmirror.com/commander/7.2.0
      cross-spawn: registry.npmmirror.com/cross-spawn/7.0.3
      fastest-levenshtein: registry.npmmirror.com/fastest-levenshtein/1.0.16
      import-local: registry.npmmirror.com/import-local/3.1.0
      interpret: registry.npmmirror.com/interpret/2.2.0
      rechoir: registry.npmmirror.com/rechoir/0.7.1
      webpack-merge: registry.npmmirror.com/webpack-merge/5.9.0
    dev: true

  registry.npmmirror.com/webpack-merge/5.9.0:
    resolution: {integrity: sha512-6NbRQw4+Sy50vYNTw7EyOn41OZItPiXB8GNv3INSoe3PSFaHJEz3SHTrYVaRm2LilNGnFUzh0FAwqPEmU/CwDg==, registry: https://registry.npm.taobao.org/, tarball: https://registry.npmmirror.com/webpack-merge/-/webpack-merge-5.9.0.tgz}
    name: webpack-merge
    version: 5.9.0
    engines: {node: '>=10.0.0'}
    dependencies:
      clone-deep: registry.npmmirror.com/clone-deep/4.0.1
      wildcard: registry.npmmirror.com/wildcard/2.0.1
    dev: true

  registry.npmmirror.com/which/2.0.2:
    resolution: {integrity: sha512-BLI3Tl1TW3Pvl70l3yq3Y64i+awpwXqsGBYWkkqMtnbXgrMD+yj7rhW0kuEDxzJaYXGjEW5ogapKNMEKNMjibA==, registry: https://registry.npm.taobao.org/, tarball: https://registry.npmmirror.com/which/-/which-2.0.2.tgz}
    name: which
    version: 2.0.2
    engines: {node: '>= 8'}
    hasBin: true
    dependencies:
      isexe: registry.npmmirror.com/isexe/2.0.0
    dev: true

  registry.npmmirror.com/wildcard/2.0.1:
    resolution: {integrity: sha512-CC1bOL87PIWSBhDcTrdeLo6eGT7mCFtrg0uIJtqJUFyK+eJnzl8A1niH56uu7KMa5XFrtiV+AQuHO3n7DsHnLQ==, registry: https://registry.npm.taobao.org/, tarball: https://registry.npmmirror.com/wildcard/-/wildcard-2.0.1.tgz}
    name: wildcard
    version: 2.0.1
    dev: true
